
Microsoft Visual Studio Solution File, Format Version 12.00
# Visual Studio Version 17
VisualStudioVersion = 17.11.35303.130
MinimumVisualStudioVersion = 10.0.40219.1
Project("{FAE04EC0-301F-11D3-BF4B-00C04F79EFBC}") = "تمرین 2", "تمرین 2\تمرین 2.csproj", "{92959791-D5B7-4044-AC39-F75D24F2ACCE}"
EndProject
Global
	GlobalSection(SolutionConfigurationPlatforms) = preSolution
		Debug|Any CPU = Debug|Any CPU
		Release|Any CPU = Release|Any CPU
	EndGlobalSection
	GlobalSection(ProjectConfigurationPlatforms) = postSolution
		{92959791-D5B7-4044-AC39-F75D24F2ACCE}.Debug|Any CPU.ActiveCfg = Debug|Any CPU
		{92959791-D5B7-4044-AC39-F75D24F2ACCE}.Debug|Any CPU.Build.0 = Debug|Any CPU
		{92959791-D5B7-4044-AC39-F75D24F2ACCE}.Release|Any CPU.ActiveCfg = Release|Any CPU
		{92959791-D5B7-4044-AC39-F75D24F2ACCE}.Release|Any CPU.Build.0 = Release|Any CPU
	EndGlobalSection
	GlobalSection(SolutionProperties) = preSolution
		HideSolutionNode = FALSE
	EndGlobalSection
	GlobalSection(ExtensibilityGlobals) = postSolution
		SolutionGuid = {917E73B9-2429-4888-B19D-A078B120191D}
	EndGlobalSection
EndGlobal
