
Microsoft Visual Studio Solution File, Format Version 12.00
# Visual Studio Version 17
VisualStudioVersion = 17.11.35303.130
MinimumVisualStudioVersion = 10.0.40219.1
Project("{FAE04EC0-301F-11D3-BF4B-00C04F79EFBC}") = "تمرین 4", "تمرین 4\تمرین 4.csproj", "{86C478A1-280F-43C3-ACFF-B5A5178A725C}"
EndProject
Global
	GlobalSection(SolutionConfigurationPlatforms) = preSolution
		Debug|Any CPU = Debug|Any CPU
		Release|Any CPU = Release|Any CPU
	EndGlobalSection
	GlobalSection(ProjectConfigurationPlatforms) = postSolution
		{86C478A1-280F-43C3-ACFF-B5A5178A725C}.Debug|Any CPU.ActiveCfg = Debug|Any CPU
		{86C478A1-280F-43C3-ACFF-B5A5178A725C}.Debug|Any CPU.Build.0 = Debug|Any CPU
		{86C478A1-280F-43C3-ACFF-B5A5178A725C}.Release|Any CPU.ActiveCfg = Release|Any CPU
		{86C478A1-280F-43C3-ACFF-B5A5178A725C}.Release|Any CPU.Build.0 = Release|Any CPU
	EndGlobalSection
	GlobalSection(SolutionProperties) = preSolution
		HideSolutionNode = FALSE
	EndGlobalSection
	GlobalSection(ExtensibilityGlobals) = postSolution
		SolutionGuid = {D74613F0-E38A-4813-BCD9-E9C060B5BE7C}
	EndGlobalSection
EndGlobal
